
Microsoft Visual Studio Solution File, Format Version 12.00
# Visual Studio 15
VisualStudioVersion = 15.0.28307.1267
MinimumVisualStudioVersion = 10.0.40219.1
Project("{FAE04EC0-301F-11D3-BF4B-00C04F79EFBC}") = "ClientCFC-P4-120", "ClientCFC-P4-120\ClientCFC-P4-120.csproj", "{B3AC3247-988C-4D88-9B60-822DB4204FC3}"
EndProject
Global
	GlobalSection(SolutionConfigurationPlatforms) = preSolution
		Debug|Any CPU = Debug|Any CPU
		Release|Any CPU = Release|Any CPU
	EndGlobalSection
	GlobalSection(ProjectConfigurationPlatforms) = postSolution
		{B3AC3247-988C-4D88-9B60-822DB4204FC3}.Debug|Any CPU.ActiveCfg = Debug|Any CPU
		{B3AC3247-988C-4D88-9B60-822DB4204FC3}.Debug|Any CPU.Build.0 = Debug|Any CPU
		{B3AC3247-988C-4D88-9B60-822DB4204FC3}.Release|Any CPU.ActiveCfg = Release|Any CPU
		{B3AC3247-988C-4D88-9B60-822DB4204FC3}.Release|Any CPU.Build.0 = Release|Any CPU
	EndGlobalSection
	GlobalSection(SolutionProperties) = preSolution
		HideSolutionNode = FALSE
	EndGlobalSection
	GlobalSection(ExtensibilityGlobals) = postSolution
		SolutionGuid = {8F5A748C-9998-4995-88D5-E82526FFC5BE}
	EndGlobalSection
EndGlobal
